
Microsoft Visual Studio Solution File, Format Version 12.00
# Visual Studio 2013
VisualStudioVersion = 12.0.31101.0
MinimumVisualStudioVersion = 10.0.40219.1
Project("{F2A71F9B-5D33-465A-A702-920D77279786}") = "datastim.query", "datastim.query\datastim.query.fsproj", "{AAE45BA7-4E81-4031-84E0-5697ACE07A19}"
EndProject
Project("{F2A71F9B-5D33-465A-A702-920D77279786}") = "datastim.query.tests", "datastim.query.tests\datastim.query.tests.fsproj", "{7812FAAE-269F-424A-ADA0-1C829B41A499}"
EndProject
Global
	GlobalSection(SolutionConfigurationPlatforms) = preSolution
		Debug|Any CPU = Debug|Any CPU
		Release|Any CPU = Release|Any CPU
	EndGlobalSection
	GlobalSection(ProjectConfigurationPlatforms) = postSolution
		{AAE45BA7-4E81-4031-84E0-5697ACE07A19}.Debug|Any CPU.ActiveCfg = Debug|Any CPU
		{AAE45BA7-4E81-4031-84E0-5697ACE07A19}.Debug|Any CPU.Build.0 = Debug|Any CPU
		{AAE45BA7-4E81-4031-84E0-5697ACE07A19}.Release|Any CPU.ActiveCfg = Release|Any CPU
		{AAE45BA7-4E81-4031-84E0-5697ACE07A19}.Release|Any CPU.Build.0 = Release|Any CPU
		{7812FAAE-269F-424A-ADA0-1C829B41A499}.Debug|Any CPU.ActiveCfg = Debug|Any CPU
		{7812FAAE-269F-424A-ADA0-1C829B41A499}.Debug|Any CPU.Build.0 = Debug|Any CPU
		{7812FAAE-269F-424A-ADA0-1C829B41A499}.Release|Any CPU.ActiveCfg = Release|Any CPU
		{7812FAAE-269F-424A-ADA0-1C829B41A499}.Release|Any CPU.Build.0 = Release|Any CPU
	EndGlobalSection
	GlobalSection(SolutionProperties) = preSolution
		HideSolutionNode = FALSE
	EndGlobalSection
EndGlobal
